
Microsoft Visual Studio Solution File, Format Version 12.00
# Visual Studio Version 16
VisualStudioVersion = 16.0.31729.503
MinimumVisualStudioVersion = 10.0.40219.1
Project("{FAE04EC0-301F-11D3-BF4B-00C04F79EFBC}") = "MishaTZ", "MishaTZ\MishaTZ.csproj", "{2A177E96-9E20-4E17-B7CF-54ACA991BD06}"
EndProject
Global
	GlobalSection(SolutionConfigurationPlatforms) = preSolution
		Debug|Any CPU = Debug|Any CPU
		Release|Any CPU = Release|Any CPU
	EndGlobalSection
	GlobalSection(ProjectConfigurationPlatforms) = postSolution
		{2A177E96-9E20-4E17-B7CF-54ACA991BD06}.Debug|Any CPU.ActiveCfg = Debug|Any CPU
		{2A177E96-9E20-4E17-B7CF-54ACA991BD06}.Debug|Any CPU.Build.0 = Debug|Any CPU
		{2A177E96-9E20-4E17-B7CF-54ACA991BD06}.Release|Any CPU.ActiveCfg = Release|Any CPU
		{2A177E96-9E20-4E17-B7CF-54ACA991BD06}.Release|Any CPU.Build.0 = Release|Any CPU
	EndGlobalSection
	GlobalSection(SolutionProperties) = preSolution
		HideSolutionNode = FALSE
	EndGlobalSection
	GlobalSection(ExtensibilityGlobals) = postSolution
		SolutionGuid = {B23375B7-5A20-488D-9B6C-9502680982ED}
	EndGlobalSection
EndGlobal
